
Microsoft Visual Studio Solution File, Format Version 12.00
# Visual Studio 15
VisualStudioVersion = 15.0.28307.757
MinimumVisualStudioVersion = 10.0.40219.1
Project("{FAE04EC0-301F-11D3-BF4B-00C04F79EFBC}") = "T132094", "T132094.csproj", "{C813061A-DCAA-4574-8F61-AB6A17863A45}"
EndProject
Global
	GlobalSection(SolutionConfigurationPlatforms) = preSolution
		Debug|Any CPU = Debug|Any CPU
		Release|Any CPU = Release|Any CPU
	EndGlobalSection
	GlobalSection(ProjectConfigurationPlatforms) = postSolution
		{C813061A-DCAA-4574-8F61-AB6A17863A45}.Debug|Any CPU.ActiveCfg = Debug|Any CPU
		{C813061A-DCAA-4574-8F61-AB6A17863A45}.Debug|Any CPU.Build.0 = Debug|Any CPU
		{C813061A-DCAA-4574-8F61-AB6A17863A45}.Release|Any CPU.ActiveCfg = Release|Any CPU
		{C813061A-DCAA-4574-8F61-AB6A17863A45}.Release|Any CPU.Build.0 = Release|Any CPU
		EndGlobalSection
	GlobalSection(SolutionProperties) = preSolution
		HideSolutionNode = FALSE
	EndGlobalSection
	GlobalSection(ExtensibilityGlobals) = postSolution
		SolutionGuid = {232879AB-1E2A-4F9A-BD59-CB126D7F9C14}
	EndGlobalSection
EndGlobal
